github.com/google/uuid v1.6.0 h1:NIvaJDMOsjHA8n1jAhLSgzrAzy1Hgr+hNrb57e+94F0=
github.com/google/uuid v1.6.0/go.mod h1:TIyPZe4MgqvfeYDBFedMoGGpEw/LqOeaOT+nhxU+yHo=
github.com/henomis/lingoose v0.2.0 h1:C99SWmBVrsJjKUkmM0JjbULu3mI+D9E3so3xzygX9GE=
github.com/henomis/lingoose v0.2.0/go.mod h1:DuspILvFTdoAdSuCamz8coz+xfZ3rltMNHMgFaOJlw4=
github.com/henomis/restclientgo v1.2.0 h1:KINVh4zW4qAeqgO8qbsI1QhiQcn4xgMv3Px4H7++BCk=
github.com/henomis/restclientgo v1.2.0/go.mod h1:xIeTCu2ZstvRn0fCukNpzXLN3m/kRTU0i0RwAbv7Zug=
github.com/sashabaranov/go-openai v1.24.0 h1:4H4Pg8Bl2RH/YSnU8DYumZbuHnnkfioor/dtNlB20D4=
github.com/sashabaranov/go-openai v1.24.0/go.mod h1:lj5b/K+zjTSFxVLijLSTDZuP7adOgerWeFyZLUhAKRg=
